<?xml version="1.0" encoding="utf-8"?>
<Project ToolsVersion="4.0" xmlns="http://schemas.microsoft.com/developer/msbuild/2003">
  <ItemGroup>
    <Filter Include="Source Files">
      <UniqueIdentifier>{4FC737F1-C7A5-4376-A066-2A32D752A2FF}</UniqueIdentifier>
      <Extensions>cpp;c;cc;cxx;c++;cppm;ixx;def;odl;idl;hpj;bat;asm;asmx</Extensions>
    </Filter>
    <Filter Include="Header Files">
      <UniqueIdentifier>{93995380-89BD-4b04-88EB-625FBE52EBFB}</UniqueIdentifier>
      <Extensions>h;hh;hpp;hxx;h++;hm;inl;inc;ipp;xsd</Extensions>
    </Filter>
    <Filter Include="Resource Files">
      <UniqueIdentifier>{67DA6AB6-F800-4c08-8B7A-83BB121AAD01}</UniqueIdentifier>
      <Extensions>rc;ico;cur;bmp;dlg;rc2;rct;bin;rgs;gif;jpg;jpeg;jpe;resx;tiff;tif;png;wav;mfcribbon-ms</Extensions>
    </Filter>
    <Filter Include="Resource Files\shaders">
      <UniqueIdentifier>{665f0f1a-9324-4c14-b4a5-53bc89939945}</UniqueIdentifier>
    </Filter>
    <Filter Include="Resource Files\levels">
      <UniqueIdentifier>{5ace04b4-3a7b-4309-990a-3657a11ed5b6}</UniqueIdentifier>
    </Filter>
  </ItemGroup>
  <ItemGroup>
    <ClCompile Include="game.cpp">
      <Filter>Source Files</Filter>
    </ClCompile>
    <ClCompile Include="game_main.cpp">
      <Filter>Source Files</Filter>
    </ClCompile>
    <ClCompile Include="shaderManager.cpp">
      <Filter>Source Files</Filter>
    </ClCompile>
    <ClCompile Include="rendererObject.cpp">
      <Filter>Source Files</Filter>
    </ClCompile>
    <ClCompile Include="level.cpp">
      <Filter>Source Files</Filter>
    </ClCompile>
    <ClCompile Include="objectBall.cpp">
      <Filter>Source Files</Filter>
    </ClCompile>
    <ClCompile Include="objectPowerUp.h">
      <Filter>Header Files</Filter>
    </ClCompile>
    <ClCompile Include="rendererEffect.cpp">
      <Filter>Source Files</Filter>
    </ClCompile>
    <ClCompile Include="objectCrtFrame.cpp">
      <Filter>Source Files</Filter>
    </ClCompile>
    <ClCompile Include="objectPowerUp.cpp">
      <Filter>Source Files</Filter>
    </ClCompile>
    <ClCompile Include="Libraries\include\glad.c">
      <Filter>Resource Files</Filter>
    </ClCompile>
    <ClCompile Include="textureManager.cpp">
      <Filter>Source Files</Filter>
    </ClCompile>
    <ClCompile Include="rendererText.cpp">
      <Filter>Source Files</Filter>
    </ClCompile>
    <ClCompile Include="windowManager.cpp">
      <Filter>Source Files</Filter>
    </ClCompile>
    <ClCompile Include="levelManager.cpp">
      <Filter>Source Files</Filter>
    </ClCompile>
    <ClCompile Include="collisionManager.cpp">
      <Filter>Source Files</Filter>
    </ClCompile>
  </ItemGroup>
  <ItemGroup>
    <ClInclude Include="game.h">
      <Filter>Header Files</Filter>
    </ClInclude>
    <ClInclude Include="shaderManager.h">
      <Filter>Header Files</Filter>
    </ClInclude>
    <ClInclude Include="shader.h">
      <Filter>Header Files</Filter>
    </ClInclude>
    <ClInclude Include="texture.h">
      <Filter>Header Files</Filter>
    </ClInclude>
    <ClInclude Include="level.h">
      <Filter>Header Files</Filter>
    </ClInclude>
    <ClInclude Include="objectBall.h">
      <Filter>Header Files</Filter>
    </ClInclude>
    <ClInclude Include="rendererEffect.h">
      <Filter>Header Files</Filter>
    </ClInclude>
    <ClInclude Include="objectCrtFrame.h">
      <Filter>Header Files</Filter>
    </ClInclude>
    <ClInclude Include="textureManager.h">
      <Filter>Header Files</Filter>
    </ClInclude>
    <ClInclude Include="objectAsset.h">
      <Filter>Header Files</Filter>
    </ClInclude>
    <ClInclude Include="jsonParser.h">
      <Filter>Header Files</Filter>
    </ClInclude>
    <ClInclude Include="rendererObject.h">
      <Filter>Header Files</Filter>
    </ClInclude>
    <ClInclude Include="rendererText.h">
      <Filter>Header Files</Filter>
    </ClInclude>
    <ClInclude Include="vertexArray.h">
      <Filter>Header Files</Filter>
    </ClInclude>
    <ClInclude Include="vertexBuffer.h">
      <Filter>Header Files</Filter>
    </ClInclude>
    <ClInclude Include="windowManager.h">
      <Filter>Header Files</Filter>
    </ClInclude>
    <ClInclude Include="levelManager.h">
      <Filter>Header Files</Filter>
    </ClInclude>
    <ClInclude Include="collisionManager.h">
      <Filter>Header Files</Filter>
    </ClInclude>
  </ItemGroup>
  <ItemGroup>
    <None Include="shaders\text_2d.vs">
      <Filter>Resource Files\shaders</Filter>
    </None>
    <None Include="shaders\text_2d.frag">
      <Filter>Resource Files\shaders</Filter>
    </None>
    <None Include="shaders\sprite.frag">
      <Filter>Resource Files\shaders</Filter>
    </None>
    <None Include="shaders\sprite.vs">
      <Filter>Resource Files\shaders</Filter>
    </None>
    <None Include="shaders\effect_processing.vs">
      <Filter>Resource Files\shaders</Filter>
    </None>
    <None Include="shaders\effect_processing.frag">
      <Filter>Resource Files\shaders</Filter>
    </None>
    <None Include="assets\levels\level1.json">
      <Filter>Resource Files\levels</Filter>
    </None>
    <None Include="assets\levels\level2.json">
      <Filter>Resource Files\levels</Filter>
    </None>
    <None Include="assets\levels\level3.json">
      <Filter>Resource Files\levels</Filter>
    </None>
  </ItemGroup>
</Project>